
Microsoft Visual Studio Solution File, Format Version 12.00
# Visual Studio Version 17
VisualStudioVersion = 17.6.33723.286
MinimumVisualStudioVersion = 10.0.40219.1
Project("{9A19103F-16F7-4668-BE54-9A1E7A4F7556}") = "FitnessApp.API", "FitnessApp.API\FitnessApp.API.csproj", "{3D2527D0-FB89-4847-9958-F8E29D60F2F1}"
EndProject
Project("{FAE04EC0-301F-11D3-BF4B-00C04F79EFBC}") = "FitnessApp.Test", "FitnessApp.Test\FitnessApp.Test.csproj", "{4CA0CB58-299C-44A0-8198-23DD9DEBD87F}"
EndProject
Global
	GlobalSection(SolutionConfigurationPlatforms) = preSolution
		Debug|Any CPU = Debug|Any CPU
		Release|Any CPU = Release|Any CPU
	EndGlobalSection
	GlobalSection(ProjectConfigurationPlatforms) = postSolution
		{3D2527D0-FB89-4847-9958-F8E29D60F2F1}.Debug|Any CPU.ActiveCfg = Debug|Any CPU
		{3D2527D0-FB89-4847-9958-F8E29D60F2F1}.Debug|Any CPU.Build.0 = Debug|Any CPU
		{3D2527D0-FB89-4847-9958-F8E29D60F2F1}.Release|Any CPU.ActiveCfg = Release|Any CPU
		{3D2527D0-FB89-4847-9958-F8E29D60F2F1}.Release|Any CPU.Build.0 = Release|Any CPU
		{4CA0CB58-299C-44A0-8198-23DD9DEBD87F}.Debug|Any CPU.ActiveCfg = Debug|Any CPU
		{4CA0CB58-299C-44A0-8198-23DD9DEBD87F}.Debug|Any CPU.Build.0 = Debug|Any CPU
		{4CA0CB58-299C-44A0-8198-23DD9DEBD87F}.Release|Any CPU.ActiveCfg = Release|Any CPU
		{4CA0CB58-299C-44A0-8198-23DD9DEBD87F}.Release|Any CPU.Build.0 = Release|Any CPU
	EndGlobalSection
	GlobalSection(SolutionProperties) = preSolution
		HideSolutionNode = FALSE
	EndGlobalSection
	GlobalSection(ExtensibilityGlobals) = postSolution
		SolutionGuid = {82078F15-4CB3-46D0-89B3-956755D44ED0}
	EndGlobalSection
EndGlobal
